
Microsoft Visual Studio Solution File, Format Version 12.00
# Visual Studio 15
VisualStudioVersion = 15.0.27703.2026
MinimumVisualStudioVersion = 10.0.40219.1
Project("{8BC9CEB8-8B4A-11D0-8D11-00A0C91BC942}") = "QuantLib", "QuantLib.vcxproj", "{AD0A27DA-91DA-46A2-ACBD-296C419ED3AA}"
EndProject
Project("{8BC9CEB8-8B4A-11D0-8D11-00A0C91BC942}") = "Swap", "Examples\Swap\Swap.vcxproj", "{4EAC6A0E-20F2-4B5A-8250-7E930CCE3AD0}"
EndProject
Global
	GlobalSection(SolutionConfigurationPlatforms) = preSolution
		Debug (static runtime)|x64 = Debug (static runtime)|x64
		Debug (static runtime)|x86 = Debug (static runtime)|x86
		Debug|x64 = Debug|x64
		Debug|x86 = Debug|x86
		Release (static runtime)|x64 = Release (static runtime)|x64
		Release (static runtime)|x86 = Release (static runtime)|x86
		Release|x64 = Release|x64
		Release|x86 = Release|x86
	EndGlobalSection
	GlobalSection(ProjectConfigurationPlatforms) = postSolution
		{AD0A27DA-91DA-46A2-ACBD-296C419ED3AA}.Debug (static runtime)|x64.ActiveCfg = Debug (static runtime)|x64
		{AD0A27DA-91DA-46A2-ACBD-296C419ED3AA}.Debug (static runtime)|x64.Build.0 = Debug (static runtime)|x64
		{AD0A27DA-91DA-46A2-ACBD-296C419ED3AA}.Debug (static runtime)|x86.ActiveCfg = Debug (static runtime)|Win32
		{AD0A27DA-91DA-46A2-ACBD-296C419ED3AA}.Debug (static runtime)|x86.Build.0 = Debug (static runtime)|Win32
		{AD0A27DA-91DA-46A2-ACBD-296C419ED3AA}.Debug|x64.ActiveCfg = Debug|x64
		{AD0A27DA-91DA-46A2-ACBD-296C419ED3AA}.Debug|x64.Build.0 = Debug|x64
		{AD0A27DA-91DA-46A2-ACBD-296C419ED3AA}.Debug|x86.ActiveCfg = Debug|Win32
		{AD0A27DA-91DA-46A2-ACBD-296C419ED3AA}.Debug|x86.Build.0 = Debug|Win32
		{AD0A27DA-91DA-46A2-ACBD-296C419ED3AA}.Release (static runtime)|x64.ActiveCfg = Release (static runtime)|x64
		{AD0A27DA-91DA-46A2-ACBD-296C419ED3AA}.Release (static runtime)|x64.Build.0 = Release (static runtime)|x64
		{AD0A27DA-91DA-46A2-ACBD-296C419ED3AA}.Release (static runtime)|x86.ActiveCfg = Release (static runtime)|Win32
		{AD0A27DA-91DA-46A2-ACBD-296C419ED3AA}.Release (static runtime)|x86.Build.0 = Release (static runtime)|Win32
		{AD0A27DA-91DA-46A2-ACBD-296C419ED3AA}.Release|x64.ActiveCfg = Release|x64
		{AD0A27DA-91DA-46A2-ACBD-296C419ED3AA}.Release|x64.Build.0 = Release|x64
		{AD0A27DA-91DA-46A2-ACBD-296C419ED3AA}.Release|x86.ActiveCfg = Release|Win32
		{AD0A27DA-91DA-46A2-ACBD-296C419ED3AA}.Release|x86.Build.0 = Release|Win32
		{4EAC6A0E-20F2-4B5A-8250-7E930CCE3AD0}.Debug (static runtime)|x64.ActiveCfg = Debug (static runtime)|x64
		{4EAC6A0E-20F2-4B5A-8250-7E930CCE3AD0}.Debug (static runtime)|x64.Build.0 = Debug (static runtime)|x64
		{4EAC6A0E-20F2-4B5A-8250-7E930CCE3AD0}.Debug (static runtime)|x86.ActiveCfg = Debug (static runtime)|Win32
		{4EAC6A0E-20F2-4B5A-8250-7E930CCE3AD0}.Debug (static runtime)|x86.Build.0 = Debug (static runtime)|Win32
		{4EAC6A0E-20F2-4B5A-8250-7E930CCE3AD0}.Debug|x64.ActiveCfg = Debug|x64
		{4EAC6A0E-20F2-4B5A-8250-7E930CCE3AD0}.Debug|x64.Build.0 = Debug|x64
		{4EAC6A0E-20F2-4B5A-8250-7E930CCE3AD0}.Debug|x86.ActiveCfg = Debug|Win32
		{4EAC6A0E-20F2-4B5A-8250-7E930CCE3AD0}.Debug|x86.Build.0 = Debug|Win32
		{4EAC6A0E-20F2-4B5A-8250-7E930CCE3AD0}.Release (static runtime)|x64.ActiveCfg = Release (static runtime)|x64
		{4EAC6A0E-20F2-4B5A-8250-7E930CCE3AD0}.Release (static runtime)|x64.Build.0 = Release (static runtime)|x64
		{4EAC6A0E-20F2-4B5A-8250-7E930CCE3AD0}.Release (static runtime)|x86.ActiveCfg = Release (static runtime)|Win32
		{4EAC6A0E-20F2-4B5A-8250-7E930CCE3AD0}.Release (static runtime)|x86.Build.0 = Release (static runtime)|Win32
		{4EAC6A0E-20F2-4B5A-8250-7E930CCE3AD0}.Release|x64.ActiveCfg = Release|x64
		{4EAC6A0E-20F2-4B5A-8250-7E930CCE3AD0}.Release|x64.Build.0 = Release|x64
		{4EAC6A0E-20F2-4B5A-8250-7E930CCE3AD0}.Release|x86.ActiveCfg = Release|Win32
		{4EAC6A0E-20F2-4B5A-8250-7E930CCE3AD0}.Release|x86.Build.0 = Release|Win32
	EndGlobalSection
	GlobalSection(SolutionProperties) = preSolution
		HideSolutionNode = FALSE
	EndGlobalSection
	GlobalSection(ExtensibilityGlobals) = postSolution
		SolutionGuid = {82103070-FC47-4D47-99C1-DE42671180E4}
	EndGlobalSection
EndGlobal
